
Microsoft Visual Studio Solution File, Format Version 11.00
# Visual Studio 2010
Project("{FAE04EC0-301F-11D3-BF4B-00C04F79EFBC}") = "Celebrity", "Celebrity\Celebrity.csproj", "{8A967283-16D4-405C-88E2-D079332199C2}"
EndProject
Project("{FAE04EC0-301F-11D3-BF4B-00C04F79EFBC}") = "Knapsack", "Knapsack\Knapsack.csproj", "{C4E08761-D721-4E5C-A466-C6792F17595A}"
EndProject
Project("{FAE04EC0-301F-11D3-BF4B-00C04F79EFBC}") = "Outline", "Outline\Outline.csproj", "{417D69A7-4716-4FFF-8C0E-1BDCB8F50A7D}"
EndProject
Project("{FAE04EC0-301F-11D3-BF4B-00C04F79EFBC}") = "OutlineWPFDemo", "OutlineWPFDemo\OutlineWPFDemo.csproj", "{3ED57F33-BF30-41DD-B0E5-9FC56A77C39E}"
EndProject
Project("{FAE04EC0-301F-11D3-BF4B-00C04F79EFBC}") = "MaxSubsequence", "MaxSubsequence\MaxSubsequence.csproj", "{0C6453BE-C413-41A8-98B4-2F10455D2064}"
EndProject
Project("{FAE04EC0-301F-11D3-BF4B-00C04F79EFBC}") = "SortConsole", "SortConsole\SortConsole.csproj", "{ABE3DCAE-87C7-4D7B-8535-0126064361BC}"
EndProject
Project("{FAE04EC0-301F-11D3-BF4B-00C04F79EFBC}") = "Sort", "Sort\Sort.csproj", "{9FBE3ECD-8F18-41CB-A2B3-E7AAB82B4622}"
EndProject
Project("{FAE04EC0-301F-11D3-BF4B-00C04F79EFBC}") = "OrderStatistics", "OrderStatistics\OrderStatistics.csproj", "{47EC2225-A91C-4D99-B80F-09A77F4D16D7}"
EndProject
Project("{FAE04EC0-301F-11D3-BF4B-00C04F79EFBC}") = "HuffmanEncoding", "HuffmanEncoding\HuffmanEncoding.csproj", "{9F2C8709-7F6C-48D7-8246-809BEA1956D0}"
EndProject
Project("{FAE04EC0-301F-11D3-BF4B-00C04F79EFBC}") = "HuffmanEncodingDemo", "HuffmanEncodingDemo\HuffmanEncodingDemo.csproj", "{284CC06A-BE6C-4DF1-BEE9-6C19392468E7}"
EndProject
Project("{2150E333-8FDC-42A3-9474-1A3956D46DE8}") = "Introduction2Algorithms", "Introduction2Algorithms", "{ABC7FF52-23E3-4E01-87A0-038A2748EA4B}"
EndProject
Project("{2150E333-8FDC-42A3-9474-1A3956D46DE8}") = "WCF", "WCF", "{5E33429A-71E9-4100-A51E-0DF047CE76B8}"
EndProject
Project("{2150E333-8FDC-42A3-9474-1A3956D46DE8}") = "WPF", "WPF", "{B519E270-8374-4878-9B43-9D9AD0A85872}"
EndProject
Project("{FAE04EC0-301F-11D3-BF4B-00C04F79EFBC}") = "FileReader", "FileReader\FileReader.csproj", "{180270E9-BDAE-45E2-AD10-1A17BE2E6B57}"
EndProject
Project("{FAE04EC0-301F-11D3-BF4B-00C04F79EFBC}") = "DataStructure", "DataStructure\DataStructure.csproj", "{4DADE92E-920C-4BB1-8C8F-E242F16F7A8F}"
EndProject
Project("{FAE04EC0-301F-11D3-BF4B-00C04F79EFBC}") = "MVVMDemo", "MVVMDemo\MVVMDemo.csproj", "{4C0C8CBE-49DD-4F77-AF83-72FFAD7A0539}"
EndProject
Project("{FAE04EC0-301F-11D3-BF4B-00C04F79EFBC}") = "DataStructureTest", "DataStructureTest\DataStructureTest.csproj", "{E16B6755-86D1-4A9C-A9D2-D5A690673297}"
EndProject
Project("{2150E333-8FDC-42A3-9474-1A3956D46DE8}") = "Parallel", "Parallel", "{7DC71A7F-85B3-4C1C-B2F2-6BEB3807DFFD}"
EndProject
Project("{FAE04EC0-301F-11D3-BF4B-00C04F79EFBC}") = "BasicParallelLoops", "CSharp\Chapter2\BasicParallelLoops\BasicParallelLoops.csproj", "{1B58B135-FF3C-40C7-895B-497E1AF1CF9B}"
EndProject
Project("{FAE04EC0-301F-11D3-BF4B-00C04F79EFBC}") = "CreditReview", "CSharp\Chapter2\CreditReview\CreditReview.csproj", "{31F65ACE-264C-4E37-BB43-B3032B103A03}"
EndProject
Project("{FAE04EC0-301F-11D3-BF4B-00C04F79EFBC}") = "Utilities", "CSharp\Utilities\Utilities.csproj", "{CF12D5B8-3A66-4929-928A-CF8525B52820}"
EndProject
Project("{FAE04EC0-301F-11D3-BF4B-00C04F79EFBC}") = "INotifyPropertyChangedDemo", "INotifyPropertyChangedDemo\INotifyPropertyChangedDemo.csproj", "{F865FC17-4B33-4B16-9A40-E038AA257ECD}"
EndProject
Project("{FAE04EC0-301F-11D3-BF4B-00C04F79EFBC}") = "AdornerDemo", "AdornerDemo\AdornerDemo.csproj", "{C2A08D04-4768-4104-B039-10FBBFF40F62}"
EndProject
Project("{FAE04EC0-301F-11D3-BF4B-00C04F79EFBC}") = "Services", "Services\Services.csproj", "{02C123FF-3C67-4EC6-A2E2-2D4D5680FC5A}"
EndProject
Project("{E24C65DC-7377-472B-9ABA-BC803B73C61A}") = "BookServiceHost", "BookServiceHost\", "{6594CBAA-C650-4384-8DF5-F19C21A10F50}"
	ProjectSection(WebsiteProperties) = preProject
		TargetFrameworkMoniker = ".NETFramework,Version%3Dv4.0"
		ProjectReferences = "{02C123FF-3C67-4EC6-A2E2-2D4D5680FC5A}|Services.dll;"
		Debug.AspNetCompiler.VirtualPath = "/BookServiceHost"
		Debug.AspNetCompiler.PhysicalPath = "BookServiceHost\"
		Debug.AspNetCompiler.TargetPath = "PrecompiledWeb\BookServiceHost\"
		Debug.AspNetCompiler.Updateable = "true"
		Debug.AspNetCompiler.ForceOverwrite = "true"
		Debug.AspNetCompiler.FixedNames = "false"
		Debug.AspNetCompiler.Debug = "True"
		Release.AspNetCompiler.VirtualPath = "/BookServiceHost"
		Release.AspNetCompiler.PhysicalPath = "BookServiceHost\"
		Release.AspNetCompiler.TargetPath = "PrecompiledWeb\BookServiceHost\"
		Release.AspNetCompiler.Updateable = "true"
		Release.AspNetCompiler.ForceOverwrite = "true"
		Release.AspNetCompiler.FixedNames = "false"
		Release.AspNetCompiler.Debug = "False"
		VWDPort = "16946"
		DefaultWebSiteLanguage = "Visual C#"
	EndProjectSection
EndProject
Project("{FAE04EC0-301F-11D3-BF4B-00C04F79EFBC}") = "ConsoleBookServiceHost", "ConsoleBookServiceHost\ConsoleBookServiceHost.csproj", "{DEAA599F-BE93-4B72-A2E3-F07CCE166C63}"
EndProject
Project("{FAE04EC0-301F-11D3-BF4B-00C04F79EFBC}") = "WindowsServiceHost", "WindowsServiceHost\WindowsServiceHost.csproj", "{5E718A21-8FD5-45A8-89F3-39829FF620CD}"
EndProject
Project("{FAE04EC0-301F-11D3-BF4B-00C04F79EFBC}") = "Client", "Client\Client.csproj", "{62BF988A-DB30-49FD-80D3-11E203E510E6}"
EndProject
Project("{2150E333-8FDC-42A3-9474-1A3956D46DE8}") = "CLR", "CLR", "{A86FC2EF-8A79-4A24-A0ED-3DFEEF97D74C}"
EndProject
Project("{FAE04EC0-301F-11D3-BF4B-00C04F79EFBC}") = "AttributeDemo", "AttributeDemo\AttributeDemo.csproj", "{925F302C-CC4D-4F7E-A546-7FF14ADDC64A}"
EndProject
Project("{FAE04EC0-301F-11D3-BF4B-00C04F79EFBC}") = "TimeOutTask", "TimeOutTask\TimeOutTask.csproj", "{0DC407C9-7526-46FE-AF4E-F226D6A2876A}"
EndProject
Project("{FAE04EC0-301F-11D3-BF4B-00C04F79EFBC}") = "MinimumEditDistance", "MinimumEditDistance\MinimumEditDistance.csproj", "{D7D66A36-1E1E-46D7-B896-3460CCC301D9}"
EndProject
Project("{FAE04EC0-301F-11D3-BF4B-00C04F79EFBC}") = "MinimumEditDistanceDemo", "MinimumEditDistanceDemo\MinimumEditDistanceDemo.csproj", "{3442D269-E299-4A35-968F-EFD0A0E3DA91}"
EndProject
Project("{8BC9CEB8-8B4A-11D0-8D11-00A0C91BC942}") = "HelloWord", "HelloWord\HelloWord.vcxproj", "{9CD83190-FFDD-467E-A038-EEAAE370623C}"
EndProject
Project("{2150E333-8FDC-42A3-9474-1A3956D46DE8}") = "CPP", "CPP", "{682B0928-CE89-401C-901E-7EBC9B96DB81}"
EndProject
Global
	GlobalSection(SolutionConfigurationPlatforms) = preSolution
		Debug|Any CPU = Debug|Any CPU
		Debug|Mixed Platforms = Debug|Mixed Platforms
		Debug|Win32 = Debug|Win32
		Debug|x86 = Debug|x86
		Release|Any CPU = Release|Any CPU
		Release|Mixed Platforms = Release|Mixed Platforms
		Release|Win32 = Release|Win32
		Release|x86 = Release|x86
	EndGlobalSection
	GlobalSection(ProjectConfigurationPlatforms) = postSolution
		{8A967283-16D4-405C-88E2-D079332199C2}.Debug|Any CPU.ActiveCfg = Debug|x86
		{8A967283-16D4-405C-88E2-D079332199C2}.Debug|Mixed Platforms.ActiveCfg = Debug|x86
		{8A967283-16D4-405C-88E2-D079332199C2}.Debug|Mixed Platforms.Build.0 = Debug|x86
		{8A967283-16D4-405C-88E2-D079332199C2}.Debug|Win32.ActiveCfg = Debug|x86
		{8A967283-16D4-405C-88E2-D079332199C2}.Debug|x86.ActiveCfg = Debug|x86
		{8A967283-16D4-405C-88E2-D079332199C2}.Debug|x86.Build.0 = Debug|x86
		{8A967283-16D4-405C-88E2-D079332199C2}.Release|Any CPU.ActiveCfg = Release|x86
		{8A967283-16D4-405C-88E2-D079332199C2}.Release|Mixed Platforms.ActiveCfg = Release|x86
		{8A967283-16D4-405C-88E2-D079332199C2}.Release|Mixed Platforms.Build.0 = Release|x86
		{8A967283-16D4-405C-88E2-D079332199C2}.Release|Win32.ActiveCfg = Release|x86
		{8A967283-16D4-405C-88E2-D079332199C2}.Release|x86.ActiveCfg = Release|x86
		{8A967283-16D4-405C-88E2-D079332199C2}.Release|x86.Build.0 = Release|x86
		{C4E08761-D721-4E5C-A466-C6792F17595A}.Debug|Any CPU.ActiveCfg = Debug|x86
		{C4E08761-D721-4E5C-A466-C6792F17595A}.Debug|Mixed Platforms.ActiveCfg = Debug|x86
		{C4E08761-D721-4E5C-A466-C6792F17595A}.Debug|Mixed Platforms.Build.0 = Debug|x86
		{C4E08761-D721-4E5C-A466-C6792F17595A}.Debug|Win32.ActiveCfg = Debug|x86
		{C4E08761-D721-4E5C-A466-C6792F17595A}.Debug|x86.ActiveCfg = Debug|x86
		{C4E08761-D721-4E5C-A466-C6792F17595A}.Debug|x86.Build.0 = Debug|x86
		{C4E08761-D721-4E5C-A466-C6792F17595A}.Release|Any CPU.ActiveCfg = Release|x86
		{C4E08761-D721-4E5C-A466-C6792F17595A}.Release|Mixed Platforms.ActiveCfg = Release|x86
		{C4E08761-D721-4E5C-A466-C6792F17595A}.Release|Mixed Platforms.Build.0 = Release|x86
		{C4E08761-D721-4E5C-A466-C6792F17595A}.Release|Win32.ActiveCfg = Release|x86
		{C4E08761-D721-4E5C-A466-C6792F17595A}.Release|x86.ActiveCfg = Release|x86
		{C4E08761-D721-4E5C-A466-C6792F17595A}.Release|x86.Build.0 = Release|x86
		{417D69A7-4716-4FFF-8C0E-1BDCB8F50A7D}.Debug|Any CPU.ActiveCfg = Debug|x86
		{417D69A7-4716-4FFF-8C0E-1BDCB8F50A7D}.Debug|Mixed Platforms.ActiveCfg = Debug|x86
		{417D69A7-4716-4FFF-8C0E-1BDCB8F50A7D}.Debug|Mixed Platforms.Build.0 = Debug|x86
		{417D69A7-4716-4FFF-8C0E-1BDCB8F50A7D}.Debug|Win32.ActiveCfg = Debug|x86
		{417D69A7-4716-4FFF-8C0E-1BDCB8F50A7D}.Debug|x86.ActiveCfg = Debug|x86
		{417D69A7-4716-4FFF-8C0E-1BDCB8F50A7D}.Debug|x86.Build.0 = Debug|x86
		{417D69A7-4716-4FFF-8C0E-1BDCB8F50A7D}.Release|Any CPU.ActiveCfg = Release|x86
		{417D69A7-4716-4FFF-8C0E-1BDCB8F50A7D}.Release|Mixed Platforms.ActiveCfg = Release|x86
		{417D69A7-4716-4FFF-8C0E-1BDCB8F50A7D}.Release|Mixed Platforms.Build.0 = Release|x86
		{417D69A7-4716-4FFF-8C0E-1BDCB8F50A7D}.Release|Win32.ActiveCfg = Release|x86
		{417D69A7-4716-4FFF-8C0E-1BDCB8F50A7D}.Release|x86.ActiveCfg = Release|x86
		{417D69A7-4716-4FFF-8C0E-1BDCB8F50A7D}.Release|x86.Build.0 = Release|x86
		{3ED57F33-BF30-41DD-B0E5-9FC56A77C39E}.Debug|Any CPU.ActiveCfg = Debug|x86
		{3ED57F33-BF30-41DD-B0E5-9FC56A77C39E}.Debug|Mixed Platforms.ActiveCfg = Debug|x86
		{3ED57F33-BF30-41DD-B0E5-9FC56A77C39E}.Debug|Mixed Platforms.Build.0 = Debug|x86
		{3ED57F33-BF30-41DD-B0E5-9FC56A77C39E}.Debug|Win32.ActiveCfg = Debug|x86
		{3ED57F33-BF30-41DD-B0E5-9FC56A77C39E}.Debug|x86.ActiveCfg = Debug|x86
		{3ED57F33-BF30-41DD-B0E5-9FC56A77C39E}.Debug|x86.Build.0 = Debug|x86
		{3ED57F33-BF30-41DD-B0E5-9FC56A77C39E}.Release|Any CPU.ActiveCfg = Release|x86
		{3ED57F33-BF30-41DD-B0E5-9FC56A77C39E}.Release|Mixed Platforms.ActiveCfg = Release|x86
		{3ED57F33-BF30-41DD-B0E5-9FC56A77C39E}.Release|Mixed Platforms.Build.0 = Release|x86
		{3ED57F33-BF30-41DD-B0E5-9FC56A77C39E}.Release|Win32.ActiveCfg = Release|x86
		{3ED57F33-BF30-41DD-B0E5-9FC56A77C39E}.Release|x86.ActiveCfg = Release|x86
		{3ED57F33-BF30-41DD-B0E5-9FC56A77C39E}.Release|x86.Build.0 = Release|x86
		{0C6453BE-C413-41A8-98B4-2F10455D2064}.Debug|Any CPU.ActiveCfg = Debug|x86
		{0C6453BE-C413-41A8-98B4-2F10455D2064}.Debug|Mixed Platforms.ActiveCfg = Debug|x86
		{0C6453BE-C413-41A8-98B4-2F10455D2064}.Debug|Mixed Platforms.Build.0 = Debug|x86
		{0C6453BE-C413-41A8-98B4-2F10455D2064}.Debug|Win32.ActiveCfg = Debug|x86
		{0C6453BE-C413-41A8-98B4-2F10455D2064}.Debug|x86.ActiveCfg = Debug|x86
		{0C6453BE-C413-41A8-98B4-2F10455D2064}.Debug|x86.Build.0 = Debug|x86
		{0C6453BE-C413-41A8-98B4-2F10455D2064}.Release|Any CPU.ActiveCfg = Release|x86
		{0C6453BE-C413-41A8-98B4-2F10455D2064}.Release|Mixed Platforms.ActiveCfg = Release|x86
		{0C6453BE-C413-41A8-98B4-2F10455D2064}.Release|Mixed Platforms.Build.0 = Release|x86
		{0C6453BE-C413-41A8-98B4-2F10455D2064}.Release|Win32.ActiveCfg = Release|x86
		{0C6453BE-C413-41A8-98B4-2F10455D2064}.Release|x86.ActiveCfg = Release|x86
		{0C6453BE-C413-41A8-98B4-2F10455D2064}.Release|x86.Build.0 = Release|x86
		{ABE3DCAE-87C7-4D7B-8535-0126064361BC}.Debug|Any CPU.ActiveCfg = Debug|x86
		{ABE3DCAE-87C7-4D7B-8535-0126064361BC}.Debug|Mixed Platforms.ActiveCfg = Debug|x86
		{ABE3DCAE-87C7-4D7B-8535-0126064361BC}.Debug|Mixed Platforms.Build.0 = Debug|x86
		{ABE3DCAE-87C7-4D7B-8535-0126064361BC}.Debug|Win32.ActiveCfg = Debug|x86
		{ABE3DCAE-87C7-4D7B-8535-0126064361BC}.Debug|x86.ActiveCfg = Debug|x86
		{ABE3DCAE-87C7-4D7B-8535-0126064361BC}.Debug|x86.Build.0 = Debug|x86
		{ABE3DCAE-87C7-4D7B-8535-0126064361BC}.Release|Any CPU.ActiveCfg = Release|x86
		{ABE3DCAE-87C7-4D7B-8535-0126064361BC}.Release|Mixed Platforms.ActiveCfg = Release|x86
		{ABE3DCAE-87C7-4D7B-8535-0126064361BC}.Release|Mixed Platforms.Build.0 = Release|x86
		{ABE3DCAE-87C7-4D7B-8535-0126064361BC}.Release|Win32.ActiveCfg = Release|x86
		{ABE3DCAE-87C7-4D7B-8535-0126064361BC}.Release|x86.ActiveCfg = Release|x86
		{ABE3DCAE-87C7-4D7B-8535-0126064361BC}.Release|x86.Build.0 = Release|x86
		{9FBE3ECD-8F18-41CB-A2B3-E7AAB82B4622}.Debug|Any CPU.ActiveCfg = Debug|Any CPU
		{9FBE3ECD-8F18-41CB-A2B3-E7AAB82B4622}.Debug|Any CPU.Build.0 = Debug|Any CPU
		{9FBE3ECD-8F18-41CB-A2B3-E7AAB82B4622}.Debug|Mixed Platforms.ActiveCfg = Debug|Any CPU
		{9FBE3ECD-8F18-41CB-A2B3-E7AAB82B4622}.Debug|Mixed Platforms.Build.0 = Debug|Any CPU
		{9FBE3ECD-8F18-41CB-A2B3-E7AAB82B4622}.Debug|Win32.ActiveCfg = Debug|Any CPU
		{9FBE3ECD-8F18-41CB-A2B3-E7AAB82B4622}.Debug|x86.ActiveCfg = Debug|Any CPU
		{9FBE3ECD-8F18-41CB-A2B3-E7AAB82B4622}.Release|Any CPU.ActiveCfg = Release|Any CPU
		{9FBE3ECD-8F18-41CB-A2B3-E7AAB82B4622}.Release|Any CPU.Build.0 = Release|Any CPU
		{9FBE3ECD-8F18-41CB-A2B3-E7AAB82B4622}.Release|Mixed Platforms.ActiveCfg = Release|Any CPU
		{9FBE3ECD-8F18-41CB-A2B3-E7AAB82B4622}.Release|Mixed Platforms.Build.0 = Release|Any CPU
		{9FBE3ECD-8F18-41CB-A2B3-E7AAB82B4622}.Release|Win32.ActiveCfg = Release|Any CPU
		{9FBE3ECD-8F18-41CB-A2B3-E7AAB82B4622}.Release|x86.ActiveCfg = Release|Any CPU
		{47EC2225-A91C-4D99-B80F-09A77F4D16D7}.Debug|Any CPU.ActiveCfg = Debug|x86
		{47EC2225-A91C-4D99-B80F-09A77F4D16D7}.Debug|Mixed Platforms.ActiveCfg = Debug|x86
		{47EC2225-A91C-4D99-B80F-09A77F4D16D7}.Debug|Mixed Platforms.Build.0 = Debug|x86
		{47EC2225-A91C-4D99-B80F-09A77F4D16D7}.Debug|Win32.ActiveCfg = Debug|x86
		{47EC2225-A91C-4D99-B80F-09A77F4D16D7}.Debug|x86.ActiveCfg = Debug|x86
		{47EC2225-A91C-4D99-B80F-09A77F4D16D7}.Debug|x86.Build.0 = Debug|x86
		{47EC2225-A91C-4D99-B80F-09A77F4D16D7}.Release|Any CPU.ActiveCfg = Release|x86
		{47EC2225-A91C-4D99-B80F-09A77F4D16D7}.Release|Mixed Platforms.ActiveCfg = Release|x86
		{47EC2225-A91C-4D99-B80F-09A77F4D16D7}.Release|Mixed Platforms.Build.0 = Release|x86
		{47EC2225-A91C-4D99-B80F-09A77F4D16D7}.Release|Win32.ActiveCfg = Release|x86
		{47EC2225-A91C-4D99-B80F-09A77F4D16D7}.Release|x86.ActiveCfg = Release|x86
		{47EC2225-A91C-4D99-B80F-09A77F4D16D7}.Release|x86.Build.0 = Release|x86
		{9F2C8709-7F6C-48D7-8246-809BEA1956D0}.Debug|Any CPU.ActiveCfg = Debug|Any CPU
		{9F2C8709-7F6C-48D7-8246-809BEA1956D0}.Debug|Any CPU.Build.0 = Debug|Any CPU
		{9F2C8709-7F6C-48D7-8246-809BEA1956D0}.Debug|Mixed Platforms.ActiveCfg = Debug|Any CPU
		{9F2C8709-7F6C-48D7-8246-809BEA1956D0}.Debug|Mixed Platforms.Build.0 = Debug|Any CPU
		{9F2C8709-7F6C-48D7-8246-809BEA1956D0}.Debug|Win32.ActiveCfg = Debug|Any CPU
		{9F2C8709-7F6C-48D7-8246-809BEA1956D0}.Debug|x86.ActiveCfg = Debug|Any CPU
		{9F2C8709-7F6C-48D7-8246-809BEA1956D0}.Release|Any CPU.ActiveCfg = Release|Any CPU
		{9F2C8709-7F6C-48D7-8246-809BEA1956D0}.Release|Any CPU.Build.0 = Release|Any CPU
		{9F2C8709-7F6C-48D7-8246-809BEA1956D0}.Release|Mixed Platforms.ActiveCfg = Release|Any CPU
		{9F2C8709-7F6C-48D7-8246-809BEA1956D0}.Release|Mixed Platforms.Build.0 = Release|Any CPU
		{9F2C8709-7F6C-48D7-8246-809BEA1956D0}.Release|Win32.ActiveCfg = Release|Any CPU
		{9F2C8709-7F6C-48D7-8246-809BEA1956D0}.Release|x86.ActiveCfg = Release|Any CPU
		{284CC06A-BE6C-4DF1-BEE9-6C19392468E7}.Debug|Any CPU.ActiveCfg = Debug|x86
		{284CC06A-BE6C-4DF1-BEE9-6C19392468E7}.Debug|Mixed Platforms.ActiveCfg = Debug|x86
		{284CC06A-BE6C-4DF1-BEE9-6C19392468E7}.Debug|Mixed Platforms.Build.0 = Debug|x86
		{284CC06A-BE6C-4DF1-BEE9-6C19392468E7}.Debug|Win32.ActiveCfg = Debug|x86
		{284CC06A-BE6C-4DF1-BEE9-6C19392468E7}.Debug|x86.ActiveCfg = Debug|x86
		{284CC06A-BE6C-4DF1-BEE9-6C19392468E7}.Debug|x86.Build.0 = Debug|x86
		{284CC06A-BE6C-4DF1-BEE9-6C19392468E7}.Release|Any CPU.ActiveCfg = Release|x86
		{284CC06A-BE6C-4DF1-BEE9-6C19392468E7}.Release|Mixed Platforms.ActiveCfg = Release|x86
		{284CC06A-BE6C-4DF1-BEE9-6C19392468E7}.Release|Mixed Platforms.Build.0 = Release|x86
		{284CC06A-BE6C-4DF1-BEE9-6C19392468E7}.Release|Win32.ActiveCfg = Release|x86
		{284CC06A-BE6C-4DF1-BEE9-6C19392468E7}.Release|x86.ActiveCfg = Release|x86
		{284CC06A-BE6C-4DF1-BEE9-6C19392468E7}.Release|x86.Build.0 = Release|x86
		{180270E9-BDAE-45E2-AD10-1A17BE2E6B57}.Debug|Any CPU.ActiveCfg = Debug|Any CPU
		{180270E9-BDAE-45E2-AD10-1A17BE2E6B57}.Debug|Any CPU.Build.0 = Debug|Any CPU
		{180270E9-BDAE-45E2-AD10-1A17BE2E6B57}.Debug|Mixed Platforms.ActiveCfg = Debug|Any CPU
		{180270E9-BDAE-45E2-AD10-1A17BE2E6B57}.Debug|Mixed Platforms.Build.0 = Debug|Any CPU
		{180270E9-BDAE-45E2-AD10-1A17BE2E6B57}.Debug|Win32.ActiveCfg = Debug|Any CPU
		{180270E9-BDAE-45E2-AD10-1A17BE2E6B57}.Debug|x86.ActiveCfg = Debug|Any CPU
		{180270E9-BDAE-45E2-AD10-1A17BE2E6B57}.Release|Any CPU.ActiveCfg = Release|Any CPU
		{180270E9-BDAE-45E2-AD10-1A17BE2E6B57}.Release|Any CPU.Build.0 = Release|Any CPU
		{180270E9-BDAE-45E2-AD10-1A17BE2E6B57}.Release|Mixed Platforms.ActiveCfg = Release|Any CPU
		{180270E9-BDAE-45E2-AD10-1A17BE2E6B57}.Release|Mixed Platforms.Build.0 = Release|Any CPU
		{180270E9-BDAE-45E2-AD10-1A17BE2E6B57}.Release|Win32.ActiveCfg = Release|Any CPU
		{180270E9-BDAE-45E2-AD10-1A17BE2E6B57}.Release|x86.ActiveCfg = Release|Any CPU
		{4DADE92E-920C-4BB1-8C8F-E242F16F7A8F}.Debug|Any CPU.ActiveCfg = Debug|Any CPU
		{4DADE92E-920C-4BB1-8C8F-E242F16F7A8F}.Debug|Any CPU.Build.0 = Debug|Any CPU
		{4DADE92E-920C-4BB1-8C8F-E242F16F7A8F}.Debug|Mixed Platforms.ActiveCfg = Debug|Any CPU
		{4DADE92E-920C-4BB1-8C8F-E242F16F7A8F}.Debug|Mixed Platforms.Build.0 = Debug|Any CPU
		{4DADE92E-920C-4BB1-8C8F-E242F16F7A8F}.Debug|Win32.ActiveCfg = Debug|Any CPU
		{4DADE92E-920C-4BB1-8C8F-E242F16F7A8F}.Debug|x86.ActiveCfg = Debug|Any CPU
		{4DADE92E-920C-4BB1-8C8F-E242F16F7A8F}.Release|Any CPU.ActiveCfg = Release|Any CPU
		{4DADE92E-920C-4BB1-8C8F-E242F16F7A8F}.Release|Any CPU.Build.0 = Release|Any CPU
		{4DADE92E-920C-4BB1-8C8F-E242F16F7A8F}.Release|Mixed Platforms.ActiveCfg = Release|Any CPU
		{4DADE92E-920C-4BB1-8C8F-E242F16F7A8F}.Release|Mixed Platforms.Build.0 = Release|Any CPU
		{4DADE92E-920C-4BB1-8C8F-E242F16F7A8F}.Release|Win32.ActiveCfg = Release|Any CPU
		{4DADE92E-920C-4BB1-8C8F-E242F16F7A8F}.Release|x86.ActiveCfg = Release|Any CPU
		{4C0C8CBE-49DD-4F77-AF83-72FFAD7A0539}.Debug|Any CPU.ActiveCfg = Debug|x86
		{4C0C8CBE-49DD-4F77-AF83-72FFAD7A0539}.Debug|Mixed Platforms.ActiveCfg = Debug|x86
		{4C0C8CBE-49DD-4F77-AF83-72FFAD7A0539}.Debug|Mixed Platforms.Build.0 = Debug|x86
		{4C0C8CBE-49DD-4F77-AF83-72FFAD7A0539}.Debug|Win32.ActiveCfg = Debug|x86
		{4C0C8CBE-49DD-4F77-AF83-72FFAD7A0539}.Debug|x86.ActiveCfg = Debug|x86
		{4C0C8CBE-49DD-4F77-AF83-72FFAD7A0539}.Debug|x86.Build.0 = Debug|x86
		{4C0C8CBE-49DD-4F77-AF83-72FFAD7A0539}.Release|Any CPU.ActiveCfg = Release|x86
		{4C0C8CBE-49DD-4F77-AF83-72FFAD7A0539}.Release|Mixed Platforms.ActiveCfg = Release|x86
		{4C0C8CBE-49DD-4F77-AF83-72FFAD7A0539}.Release|Mixed Platforms.Build.0 = Release|x86
		{4C0C8CBE-49DD-4F77-AF83-72FFAD7A0539}.Release|Win32.ActiveCfg = Release|x86
		{4C0C8CBE-49DD-4F77-AF83-72FFAD7A0539}.Release|x86.ActiveCfg = Release|x86
		{4C0C8CBE-49DD-4F77-AF83-72FFAD7A0539}.Release|x86.Build.0 = Release|x86
		{E16B6755-86D1-4A9C-A9D2-D5A690673297}.Debug|Any CPU.ActiveCfg = Debug|x86
		{E16B6755-86D1-4A9C-A9D2-D5A690673297}.Debug|Mixed Platforms.ActiveCfg = Debug|x86
		{E16B6755-86D1-4A9C-A9D2-D5A690673297}.Debug|Mixed Platforms.Build.0 = Debug|x86
		{E16B6755-86D1-4A9C-A9D2-D5A690673297}.Debug|Win32.ActiveCfg = Debug|x86
		{E16B6755-86D1-4A9C-A9D2-D5A690673297}.Debug|x86.ActiveCfg = Debug|x86
		{E16B6755-86D1-4A9C-A9D2-D5A690673297}.Debug|x86.Build.0 = Debug|x86
		{E16B6755-86D1-4A9C-A9D2-D5A690673297}.Release|Any CPU.ActiveCfg = Release|x86
		{E16B6755-86D1-4A9C-A9D2-D5A690673297}.Release|Mixed Platforms.ActiveCfg = Release|x86
		{E16B6755-86D1-4A9C-A9D2-D5A690673297}.Release|Mixed Platforms.Build.0 = Release|x86
		{E16B6755-86D1-4A9C-A9D2-D5A690673297}.Release|Win32.ActiveCfg = Release|x86
		{E16B6755-86D1-4A9C-A9D2-D5A690673297}.Release|x86.ActiveCfg = Release|x86
		{E16B6755-86D1-4A9C-A9D2-D5A690673297}.Release|x86.Build.0 = Release|x86
		{1B58B135-FF3C-40C7-895B-497E1AF1CF9B}.Debug|Any CPU.ActiveCfg = Debug|Any CPU
		{1B58B135-FF3C-40C7-895B-497E1AF1CF9B}.Debug|Any CPU.Build.0 = Debug|Any CPU
		{1B58B135-FF3C-40C7-895B-497E1AF1CF9B}.Debug|Mixed Platforms.ActiveCfg = Debug|Any CPU
		{1B58B135-FF3C-40C7-895B-497E1AF1CF9B}.Debug|Mixed Platforms.Build.0 = Debug|Any CPU
		{1B58B135-FF3C-40C7-895B-497E1AF1CF9B}.Debug|Win32.ActiveCfg = Debug|Any CPU
		{1B58B135-FF3C-40C7-895B-497E1AF1CF9B}.Debug|x86.ActiveCfg = Debug|Any CPU
		{1B58B135-FF3C-40C7-895B-497E1AF1CF9B}.Release|Any CPU.ActiveCfg = Release|Any CPU
		{1B58B135-FF3C-40C7-895B-497E1AF1CF9B}.Release|Any CPU.Build.0 = Release|Any CPU
		{1B58B135-FF3C-40C7-895B-497E1AF1CF9B}.Release|Mixed Platforms.ActiveCfg = Release|Any CPU
		{1B58B135-FF3C-40C7-895B-497E1AF1CF9B}.Release|Mixed Platforms.Build.0 = Release|Any CPU
		{1B58B135-FF3C-40C7-895B-497E1AF1CF9B}.Release|Win32.ActiveCfg = Release|Any CPU
		{1B58B135-FF3C-40C7-895B-497E1AF1CF9B}.Release|x86.ActiveCfg = Release|Any CPU
		{31F65ACE-264C-4E37-BB43-B3032B103A03}.Debug|Any CPU.ActiveCfg = Debug|Any CPU
		{31F65ACE-264C-4E37-BB43-B3032B103A03}.Debug|Any CPU.Build.0 = Debug|Any CPU
		{31F65ACE-264C-4E37-BB43-B3032B103A03}.Debug|Mixed Platforms.ActiveCfg = Debug|Any CPU
		{31F65ACE-264C-4E37-BB43-B3032B103A03}.Debug|Mixed Platforms.Build.0 = Debug|Any CPU
		{31F65ACE-264C-4E37-BB43-B3032B103A03}.Debug|Win32.ActiveCfg = Debug|Any CPU
		{31F65ACE-264C-4E37-BB43-B3032B103A03}.Debug|x86.ActiveCfg = Debug|Any CPU
		{31F65ACE-264C-4E37-BB43-B3032B103A03}.Release|Any CPU.ActiveCfg = Release|Any CPU
		{31F65ACE-264C-4E37-BB43-B3032B103A03}.Release|Any CPU.Build.0 = Release|Any CPU
		{31F65ACE-264C-4E37-BB43-B3032B103A03}.Release|Mixed Platforms.ActiveCfg = Release|Any CPU
		{31F65ACE-264C-4E37-BB43-B3032B103A03}.Release|Mixed Platforms.Build.0 = Release|Any CPU
		{31F65ACE-264C-4E37-BB43-B3032B103A03}.Release|Win32.ActiveCfg = Release|Any CPU
		{31F65ACE-264C-4E37-BB43-B3032B103A03}.Release|x86.ActiveCfg = Release|Any CPU
		{CF12D5B8-3A66-4929-928A-CF8525B52820}.Debug|Any CPU.ActiveCfg = Debug|Any CPU
		{CF12D5B8-3A66-4929-928A-CF8525B52820}.Debug|Any CPU.Build.0 = Debug|Any CPU
		{CF12D5B8-3A66-4929-928A-CF8525B52820}.Debug|Mixed Platforms.ActiveCfg = Debug|Any CPU
		{CF12D5B8-3A66-4929-928A-CF8525B52820}.Debug|Mixed Platforms.Build.0 = Debug|Any CPU
		{CF12D5B8-3A66-4929-928A-CF8525B52820}.Debug|Win32.ActiveCfg = Debug|Any CPU
		{CF12D5B8-3A66-4929-928A-CF8525B52820}.Debug|x86.ActiveCfg = Debug|Any CPU
		{CF12D5B8-3A66-4929-928A-CF8525B52820}.Release|Any CPU.ActiveCfg = Release|Any CPU
		{CF12D5B8-3A66-4929-928A-CF8525B52820}.Release|Any CPU.Build.0 = Release|Any CPU
		{CF12D5B8-3A66-4929-928A-CF8525B52820}.Release|Mixed Platforms.ActiveCfg = Release|Any CPU
		{CF12D5B8-3A66-4929-928A-CF8525B52820}.Release|Mixed Platforms.Build.0 = Release|Any CPU
		{CF12D5B8-3A66-4929-928A-CF8525B52820}.Release|Win32.ActiveCfg = Release|Any CPU
		{CF12D5B8-3A66-4929-928A-CF8525B52820}.Release|x86.ActiveCfg = Release|Any CPU
		{F865FC17-4B33-4B16-9A40-E038AA257ECD}.Debug|Any CPU.ActiveCfg = Debug|x86
		{F865FC17-4B33-4B16-9A40-E038AA257ECD}.Debug|Mixed Platforms.ActiveCfg = Debug|x86
		{F865FC17-4B33-4B16-9A40-E038AA257ECD}.Debug|Mixed Platforms.Build.0 = Debug|x86
		{F865FC17-4B33-4B16-9A40-E038AA257ECD}.Debug|Win32.ActiveCfg = Debug|x86
		{F865FC17-4B33-4B16-9A40-E038AA257ECD}.Debug|x86.ActiveCfg = Debug|x86
		{F865FC17-4B33-4B16-9A40-E038AA257ECD}.Debug|x86.Build.0 = Debug|x86
		{F865FC17-4B33-4B16-9A40-E038AA257ECD}.Release|Any CPU.ActiveCfg = Release|x86
		{F865FC17-4B33-4B16-9A40-E038AA257ECD}.Release|Mixed Platforms.ActiveCfg = Release|x86
		{F865FC17-4B33-4B16-9A40-E038AA257ECD}.Release|Mixed Platforms.Build.0 = Release|x86
		{F865FC17-4B33-4B16-9A40-E038AA257ECD}.Release|Win32.ActiveCfg = Release|x86
		{F865FC17-4B33-4B16-9A40-E038AA257ECD}.Release|x86.ActiveCfg = Release|x86
		{F865FC17-4B33-4B16-9A40-E038AA257ECD}.Release|x86.Build.0 = Release|x86
		{C2A08D04-4768-4104-B039-10FBBFF40F62}.Debug|Any CPU.ActiveCfg = Debug|x86
		{C2A08D04-4768-4104-B039-10FBBFF40F62}.Debug|Mixed Platforms.ActiveCfg = Debug|x86
		{C2A08D04-4768-4104-B039-10FBBFF40F62}.Debug|Mixed Platforms.Build.0 = Debug|x86
		{C2A08D04-4768-4104-B039-10FBBFF40F62}.Debug|Win32.ActiveCfg = Debug|x86
		{C2A08D04-4768-4104-B039-10FBBFF40F62}.Debug|x86.ActiveCfg = Debug|x86
		{C2A08D04-4768-4104-B039-10FBBFF40F62}.Debug|x86.Build.0 = Debug|x86
		{C2A08D04-4768-4104-B039-10FBBFF40F62}.Release|Any CPU.ActiveCfg = Release|x86
		{C2A08D04-4768-4104-B039-10FBBFF40F62}.Release|Mixed Platforms.ActiveCfg = Release|x86
		{C2A08D04-4768-4104-B039-10FBBFF40F62}.Release|Mixed Platforms.Build.0 = Release|x86
		{C2A08D04-4768-4104-B039-10FBBFF40F62}.Release|Win32.ActiveCfg = Release|x86
		{C2A08D04-4768-4104-B039-10FBBFF40F62}.Release|x86.ActiveCfg = Release|x86
		{C2A08D04-4768-4104-B039-10FBBFF40F62}.Release|x86.Build.0 = Release|x86
		{02C123FF-3C67-4EC6-A2E2-2D4D5680FC5A}.Debug|Any CPU.ActiveCfg = Debug|Any CPU
		{02C123FF-3C67-4EC6-A2E2-2D4D5680FC5A}.Debug|Any CPU.Build.0 = Debug|Any CPU
		{02C123FF-3C67-4EC6-A2E2-2D4D5680FC5A}.Debug|Mixed Platforms.ActiveCfg = Debug|Any CPU
		{02C123FF-3C67-4EC6-A2E2-2D4D5680FC5A}.Debug|Mixed Platforms.Build.0 = Debug|Any CPU
		{02C123FF-3C67-4EC6-A2E2-2D4D5680FC5A}.Debug|Win32.ActiveCfg = Debug|Any CPU
		{02C123FF-3C67-4EC6-A2E2-2D4D5680FC5A}.Debug|x86.ActiveCfg = Debug|Any CPU
		{02C123FF-3C67-4EC6-A2E2-2D4D5680FC5A}.Release|Any CPU.ActiveCfg = Release|Any CPU
		{02C123FF-3C67-4EC6-A2E2-2D4D5680FC5A}.Release|Any CPU.Build.0 = Release|Any CPU
		{02C123FF-3C67-4EC6-A2E2-2D4D5680FC5A}.Release|Mixed Platforms.ActiveCfg = Release|Any CPU
		{02C123FF-3C67-4EC6-A2E2-2D4D5680FC5A}.Release|Mixed Platforms.Build.0 = Release|Any CPU
		{02C123FF-3C67-4EC6-A2E2-2D4D5680FC5A}.Release|Win32.ActiveCfg = Release|Any CPU
		{02C123FF-3C67-4EC6-A2E2-2D4D5680FC5A}.Release|x86.ActiveCfg = Release|Any CPU
		{6594CBAA-C650-4384-8DF5-F19C21A10F50}.Debug|Any CPU.ActiveCfg = Debug|Any CPU
		{6594CBAA-C650-4384-8DF5-F19C21A10F50}.Debug|Any CPU.Build.0 = Debug|Any CPU
		{6594CBAA-C650-4384-8DF5-F19C21A10F50}.Debug|Mixed Platforms.ActiveCfg = Debug|Any CPU
		{6594CBAA-C650-4384-8DF5-F19C21A10F50}.Debug|Mixed Platforms.Build.0 = Debug|Any CPU
		{6594CBAA-C650-4384-8DF5-F19C21A10F50}.Debug|Win32.ActiveCfg = Debug|Any CPU
		{6594CBAA-C650-4384-8DF5-F19C21A10F50}.Debug|x86.ActiveCfg = Debug|Any CPU
		{6594CBAA-C650-4384-8DF5-F19C21A10F50}.Release|Any CPU.ActiveCfg = Debug|Any CPU
		{6594CBAA-C650-4384-8DF5-F19C21A10F50}.Release|Any CPU.Build.0 = Debug|Any CPU
		{6594CBAA-C650-4384-8DF5-F19C21A10F50}.Release|Mixed Platforms.ActiveCfg = Debug|Any CPU
		{6594CBAA-C650-4384-8DF5-F19C21A10F50}.Release|Mixed Platforms.Build.0 = Debug|Any CPU
		{6594CBAA-C650-4384-8DF5-F19C21A10F50}.Release|Win32.ActiveCfg = Debug|Any CPU
		{6594CBAA-C650-4384-8DF5-F19C21A10F50}.Release|x86.ActiveCfg = Debug|Any CPU
		{DEAA599F-BE93-4B72-A2E3-F07CCE166C63}.Debug|Any CPU.ActiveCfg = Debug|x86
		{DEAA599F-BE93-4B72-A2E3-F07CCE166C63}.Debug|Mixed Platforms.ActiveCfg = Debug|x86
		{DEAA599F-BE93-4B72-A2E3-F07CCE166C63}.Debug|Mixed Platforms.Build.0 = Debug|x86
		{DEAA599F-BE93-4B72-A2E3-F07CCE166C63}.Debug|Win32.ActiveCfg = Debug|x86
		{DEAA599F-BE93-4B72-A2E3-F07CCE166C63}.Debug|x86.ActiveCfg = Debug|x86
		{DEAA599F-BE93-4B72-A2E3-F07CCE166C63}.Debug|x86.Build.0 = Debug|x86
		{DEAA599F-BE93-4B72-A2E3-F07CCE166C63}.Release|Any CPU.ActiveCfg = Release|x86
		{DEAA599F-BE93-4B72-A2E3-F07CCE166C63}.Release|Mixed Platforms.ActiveCfg = Release|x86
		{DEAA599F-BE93-4B72-A2E3-F07CCE166C63}.Release|Mixed Platforms.Build.0 = Release|x86
		{DEAA599F-BE93-4B72-A2E3-F07CCE166C63}.Release|Win32.ActiveCfg = Release|x86
		{DEAA599F-BE93-4B72-A2E3-F07CCE166C63}.Release|x86.ActiveCfg = Release|x86
		{DEAA599F-BE93-4B72-A2E3-F07CCE166C63}.Release|x86.Build.0 = Release|x86
		{5E718A21-8FD5-45A8-89F3-39829FF620CD}.Debug|Any CPU.ActiveCfg = Debug|x86
		{5E718A21-8FD5-45A8-89F3-39829FF620CD}.Debug|Mixed Platforms.ActiveCfg = Debug|x86
		{5E718A21-8FD5-45A8-89F3-39829FF620CD}.Debug|Mixed Platforms.Build.0 = Debug|x86
		{5E718A21-8FD5-45A8-89F3-39829FF620CD}.Debug|Win32.ActiveCfg = Debug|x86
		{5E718A21-8FD5-45A8-89F3-39829FF620CD}.Debug|x86.ActiveCfg = Debug|x86
		{5E718A21-8FD5-45A8-89F3-39829FF620CD}.Debug|x86.Build.0 = Debug|x86
		{5E718A21-8FD5-45A8-89F3-39829FF620CD}.Release|Any CPU.ActiveCfg = Release|x86
		{5E718A21-8FD5-45A8-89F3-39829FF620CD}.Release|Mixed Platforms.ActiveCfg = Release|x86
		{5E718A21-8FD5-45A8-89F3-39829FF620CD}.Release|Mixed Platforms.Build.0 = Release|x86
		{5E718A21-8FD5-45A8-89F3-39829FF620CD}.Release|Win32.ActiveCfg = Release|x86
		{5E718A21-8FD5-45A8-89F3-39829FF620CD}.Release|x86.ActiveCfg = Release|x86
		{5E718A21-8FD5-45A8-89F3-39829FF620CD}.Release|x86.Build.0 = Release|x86
		{62BF988A-DB30-49FD-80D3-11E203E510E6}.Debug|Any CPU.ActiveCfg = Debug|x86
		{62BF988A-DB30-49FD-80D3-11E203E510E6}.Debug|Mixed Platforms.ActiveCfg = Debug|x86
		{62BF988A-DB30-49FD-80D3-11E203E510E6}.Debug|Mixed Platforms.Build.0 = Debug|x86
		{62BF988A-DB30-49FD-80D3-11E203E510E6}.Debug|Win32.ActiveCfg = Debug|x86
		{62BF988A-DB30-49FD-80D3-11E203E510E6}.Debug|x86.ActiveCfg = Debug|x86
		{62BF988A-DB30-49FD-80D3-11E203E510E6}.Debug|x86.Build.0 = Debug|x86
		{62BF988A-DB30-49FD-80D3-11E203E510E6}.Release|Any CPU.ActiveCfg = Release|x86
		{62BF988A-DB30-49FD-80D3-11E203E510E6}.Release|Mixed Platforms.ActiveCfg = Release|x86
		{62BF988A-DB30-49FD-80D3-11E203E510E6}.Release|Mixed Platforms.Build.0 = Release|x86
		{62BF988A-DB30-49FD-80D3-11E203E510E6}.Release|Win32.ActiveCfg = Release|x86
		{62BF988A-DB30-49FD-80D3-11E203E510E6}.Release|x86.ActiveCfg = Release|x86
		{62BF988A-DB30-49FD-80D3-11E203E510E6}.Release|x86.Build.0 = Release|x86
		{925F302C-CC4D-4F7E-A546-7FF14ADDC64A}.Debug|Any CPU.ActiveCfg = Debug|x86
		{925F302C-CC4D-4F7E-A546-7FF14ADDC64A}.Debug|Mixed Platforms.ActiveCfg = Debug|x86
		{925F302C-CC4D-4F7E-A546-7FF14ADDC64A}.Debug|Mixed Platforms.Build.0 = Debug|x86
		{925F302C-CC4D-4F7E-A546-7FF14ADDC64A}.Debug|Win32.ActiveCfg = Debug|x86
		{925F302C-CC4D-4F7E-A546-7FF14ADDC64A}.Debug|x86.ActiveCfg = Debug|x86
		{925F302C-CC4D-4F7E-A546-7FF14ADDC64A}.Debug|x86.Build.0 = Debug|x86
		{925F302C-CC4D-4F7E-A546-7FF14ADDC64A}.Release|Any CPU.ActiveCfg = Release|x86
		{925F302C-CC4D-4F7E-A546-7FF14ADDC64A}.Release|Mixed Platforms.ActiveCfg = Release|x86
		{925F302C-CC4D-4F7E-A546-7FF14ADDC64A}.Release|Mixed Platforms.Build.0 = Release|x86
		{925F302C-CC4D-4F7E-A546-7FF14ADDC64A}.Release|Win32.ActiveCfg = Release|x86
		{925F302C-CC4D-4F7E-A546-7FF14ADDC64A}.Release|x86.ActiveCfg = Release|x86
		{925F302C-CC4D-4F7E-A546-7FF14ADDC64A}.Release|x86.Build.0 = Release|x86
		{0DC407C9-7526-46FE-AF4E-F226D6A2876A}.Debug|Any CPU.ActiveCfg = Debug|x86
		{0DC407C9-7526-46FE-AF4E-F226D6A2876A}.Debug|Mixed Platforms.ActiveCfg = Debug|x86
		{0DC407C9-7526-46FE-AF4E-F226D6A2876A}.Debug|Mixed Platforms.Build.0 = Debug|x86
		{0DC407C9-7526-46FE-AF4E-F226D6A2876A}.Debug|Win32.ActiveCfg = Debug|x86
		{0DC407C9-7526-46FE-AF4E-F226D6A2876A}.Debug|x86.ActiveCfg = Debug|x86
		{0DC407C9-7526-46FE-AF4E-F226D6A2876A}.Debug|x86.Build.0 = Debug|x86
		{0DC407C9-7526-46FE-AF4E-F226D6A2876A}.Release|Any CPU.ActiveCfg = Release|x86
		{0DC407C9-7526-46FE-AF4E-F226D6A2876A}.Release|Mixed Platforms.ActiveCfg = Release|x86
		{0DC407C9-7526-46FE-AF4E-F226D6A2876A}.Release|Mixed Platforms.Build.0 = Release|x86
		{0DC407C9-7526-46FE-AF4E-F226D6A2876A}.Release|Win32.ActiveCfg = Release|x86
		{0DC407C9-7526-46FE-AF4E-F226D6A2876A}.Release|x86.ActiveCfg = Release|x86
		{0DC407C9-7526-46FE-AF4E-F226D6A2876A}.Release|x86.Build.0 = Release|x86
		{D7D66A36-1E1E-46D7-B896-3460CCC301D9}.Debug|Any CPU.ActiveCfg = Debug|Any CPU
		{D7D66A36-1E1E-46D7-B896-3460CCC301D9}.Debug|Any CPU.Build.0 = Debug|Any CPU
		{D7D66A36-1E1E-46D7-B896-3460CCC301D9}.Debug|Mixed Platforms.ActiveCfg = Debug|Any CPU
		{D7D66A36-1E1E-46D7-B896-3460CCC301D9}.Debug|Mixed Platforms.Build.0 = Debug|Any CPU
		{D7D66A36-1E1E-46D7-B896-3460CCC301D9}.Debug|Win32.ActiveCfg = Debug|Any CPU
		{D7D66A36-1E1E-46D7-B896-3460CCC301D9}.Debug|x86.ActiveCfg = Debug|Any CPU
		{D7D66A36-1E1E-46D7-B896-3460CCC301D9}.Release|Any CPU.ActiveCfg = Release|Any CPU
		{D7D66A36-1E1E-46D7-B896-3460CCC301D9}.Release|Any CPU.Build.0 = Release|Any CPU
		{D7D66A36-1E1E-46D7-B896-3460CCC301D9}.Release|Mixed Platforms.ActiveCfg = Release|Any CPU
		{D7D66A36-1E1E-46D7-B896-3460CCC301D9}.Release|Mixed Platforms.Build.0 = Release|Any CPU
		{D7D66A36-1E1E-46D7-B896-3460CCC301D9}.Release|Win32.ActiveCfg = Release|Any CPU
		{D7D66A36-1E1E-46D7-B896-3460CCC301D9}.Release|x86.ActiveCfg = Release|Any CPU
		{3442D269-E299-4A35-968F-EFD0A0E3DA91}.Debug|Any CPU.ActiveCfg = Debug|x86
		{3442D269-E299-4A35-968F-EFD0A0E3DA91}.Debug|Mixed Platforms.ActiveCfg = Debug|x86
		{3442D269-E299-4A35-968F-EFD0A0E3DA91}.Debug|Mixed Platforms.Build.0 = Debug|x86
		{3442D269-E299-4A35-968F-EFD0A0E3DA91}.Debug|Win32.ActiveCfg = Debug|x86
		{3442D269-E299-4A35-968F-EFD0A0E3DA91}.Debug|x86.ActiveCfg = Debug|x86
		{3442D269-E299-4A35-968F-EFD0A0E3DA91}.Debug|x86.Build.0 = Debug|x86
		{3442D269-E299-4A35-968F-EFD0A0E3DA91}.Release|Any CPU.ActiveCfg = Release|x86
		{3442D269-E299-4A35-968F-EFD0A0E3DA91}.Release|Mixed Platforms.ActiveCfg = Release|x86
		{3442D269-E299-4A35-968F-EFD0A0E3DA91}.Release|Mixed Platforms.Build.0 = Release|x86
		{3442D269-E299-4A35-968F-EFD0A0E3DA91}.Release|Win32.ActiveCfg = Release|x86
		{3442D269-E299-4A35-968F-EFD0A0E3DA91}.Release|x86.ActiveCfg = Release|x86
		{3442D269-E299-4A35-968F-EFD0A0E3DA91}.Release|x86.Build.0 = Release|x86
		{9CD83190-FFDD-467E-A038-EEAAE370623C}.Debug|Any CPU.ActiveCfg = Debug|Win32
		{9CD83190-FFDD-467E-A038-EEAAE370623C}.Debug|Mixed Platforms.ActiveCfg = Debug|Win32
		{9CD83190-FFDD-467E-A038-EEAAE370623C}.Debug|Mixed Platforms.Build.0 = Debug|Win32
		{9CD83190-FFDD-467E-A038-EEAAE370623C}.Debug|Win32.ActiveCfg = Debug|Win32
		{9CD83190-FFDD-467E-A038-EEAAE370623C}.Debug|Win32.Build.0 = Debug|Win32
		{9CD83190-FFDD-467E-A038-EEAAE370623C}.Debug|x86.ActiveCfg = Debug|Win32
		{9CD83190-FFDD-467E-A038-EEAAE370623C}.Release|Any CPU.ActiveCfg = Release|Win32
		{9CD83190-FFDD-467E-A038-EEAAE370623C}.Release|Mixed Platforms.ActiveCfg = Release|Win32
		{9CD83190-FFDD-467E-A038-EEAAE370623C}.Release|Mixed Platforms.Build.0 = Release|Win32
		{9CD83190-FFDD-467E-A038-EEAAE370623C}.Release|Win32.ActiveCfg = Release|Win32
		{9CD83190-FFDD-467E-A038-EEAAE370623C}.Release|Win32.Build.0 = Release|Win32
		{9CD83190-FFDD-467E-A038-EEAAE370623C}.Release|x86.ActiveCfg = Release|Win32
	EndGlobalSection
	GlobalSection(SolutionProperties) = preSolution
		HideSolutionNode = FALSE
	EndGlobalSection
	GlobalSection(NestedProjects) = preSolution
		{C4E08761-D721-4E5C-A466-C6792F17595A} = {ABC7FF52-23E3-4E01-87A0-038A2748EA4B}
		{417D69A7-4716-4FFF-8C0E-1BDCB8F50A7D} = {ABC7FF52-23E3-4E01-87A0-038A2748EA4B}
		{3ED57F33-BF30-41DD-B0E5-9FC56A77C39E} = {ABC7FF52-23E3-4E01-87A0-038A2748EA4B}
		{0C6453BE-C413-41A8-98B4-2F10455D2064} = {ABC7FF52-23E3-4E01-87A0-038A2748EA4B}
		{ABE3DCAE-87C7-4D7B-8535-0126064361BC} = {ABC7FF52-23E3-4E01-87A0-038A2748EA4B}
		{9FBE3ECD-8F18-41CB-A2B3-E7AAB82B4622} = {ABC7FF52-23E3-4E01-87A0-038A2748EA4B}
		{47EC2225-A91C-4D99-B80F-09A77F4D16D7} = {ABC7FF52-23E3-4E01-87A0-038A2748EA4B}
		{9F2C8709-7F6C-48D7-8246-809BEA1956D0} = {ABC7FF52-23E3-4E01-87A0-038A2748EA4B}
		{284CC06A-BE6C-4DF1-BEE9-6C19392468E7} = {ABC7FF52-23E3-4E01-87A0-038A2748EA4B}
		{8A967283-16D4-405C-88E2-D079332199C2} = {ABC7FF52-23E3-4E01-87A0-038A2748EA4B}
		{180270E9-BDAE-45E2-AD10-1A17BE2E6B57} = {ABC7FF52-23E3-4E01-87A0-038A2748EA4B}
		{4DADE92E-920C-4BB1-8C8F-E242F16F7A8F} = {ABC7FF52-23E3-4E01-87A0-038A2748EA4B}
		{E16B6755-86D1-4A9C-A9D2-D5A690673297} = {ABC7FF52-23E3-4E01-87A0-038A2748EA4B}
		{D7D66A36-1E1E-46D7-B896-3460CCC301D9} = {ABC7FF52-23E3-4E01-87A0-038A2748EA4B}
		{3442D269-E299-4A35-968F-EFD0A0E3DA91} = {ABC7FF52-23E3-4E01-87A0-038A2748EA4B}
		{02C123FF-3C67-4EC6-A2E2-2D4D5680FC5A} = {5E33429A-71E9-4100-A51E-0DF047CE76B8}
		{6594CBAA-C650-4384-8DF5-F19C21A10F50} = {5E33429A-71E9-4100-A51E-0DF047CE76B8}
		{DEAA599F-BE93-4B72-A2E3-F07CCE166C63} = {5E33429A-71E9-4100-A51E-0DF047CE76B8}
		{5E718A21-8FD5-45A8-89F3-39829FF620CD} = {5E33429A-71E9-4100-A51E-0DF047CE76B8}
		{62BF988A-DB30-49FD-80D3-11E203E510E6} = {5E33429A-71E9-4100-A51E-0DF047CE76B8}
		{4C0C8CBE-49DD-4F77-AF83-72FFAD7A0539} = {B519E270-8374-4878-9B43-9D9AD0A85872}
		{F865FC17-4B33-4B16-9A40-E038AA257ECD} = {B519E270-8374-4878-9B43-9D9AD0A85872}
		{C2A08D04-4768-4104-B039-10FBBFF40F62} = {B519E270-8374-4878-9B43-9D9AD0A85872}
		{1B58B135-FF3C-40C7-895B-497E1AF1CF9B} = {7DC71A7F-85B3-4C1C-B2F2-6BEB3807DFFD}
		{31F65ACE-264C-4E37-BB43-B3032B103A03} = {7DC71A7F-85B3-4C1C-B2F2-6BEB3807DFFD}
		{CF12D5B8-3A66-4929-928A-CF8525B52820} = {7DC71A7F-85B3-4C1C-B2F2-6BEB3807DFFD}
		{0DC407C9-7526-46FE-AF4E-F226D6A2876A} = {7DC71A7F-85B3-4C1C-B2F2-6BEB3807DFFD}
		{925F302C-CC4D-4F7E-A546-7FF14ADDC64A} = {A86FC2EF-8A79-4A24-A0ED-3DFEEF97D74C}
		{9CD83190-FFDD-467E-A038-EEAAE370623C} = {682B0928-CE89-401C-901E-7EBC9B96DB81}
	EndGlobalSection
EndGlobal
